<?xml version="1.0" encoding="utf-8"?>
<Project ToolsVersion="4.0" xmlns="http://schemas.microsoft.com/developer/msbuild/2003">
  <ItemGroup>
    <ClCompile Include="Vector4_test.cpp">
      <Filter>Source Files</Filter>
    </ClCompile>
    <ClCompile Include="CollisionBox_test.cpp">
      <Filter>Source Files</Filter>
    </ClCompile>
    <ClCompile Include="IntersectTriangle_test.cpp">
      <Filter>Source Files</Filter>
    </ClCompile>
    <ClCompile Include="Matrix44_test.cpp">
      <Filter>Source Files</Filter>
    </ClCompile>
    <ClCompile Include="Vector2_test.cpp">
      <Filter>Source Files</Filter>
    </ClCompile>
    <ClCompile Include="Vector3_test.cpp">
      <Filter>Source Files</Filter>
    </ClCompile>
    <ClCompile Include="Convert3DTo2DCoordinate_test.cpp">
      <Filter>Source Files</Filter>
    </ClCompile>
    <ClCompile Include="Convert2DTo3DCoordinate_test.cpp">
      <Filter>Source Files</Filter>
    </ClCompile>
    <ClCompile Include="Yaw2D_test.cpp">
      <Filter>Source Files</Filter>
    </ClCompile>
    <ClCompile Include="Quaternion_test.cpp">
      <Filter>Source Files</Filter>
    </ClCompile>
  </ItemGroup>
  <ItemGroup>
    <Filter Include="Header Files">
      <UniqueIdentifier>{5f1079ab-12e8-4698-a970-d430558f58a6}</UniqueIdentifier>
    </Filter>
    <Filter Include="Source Files">
      <UniqueIdentifier>{cab524e5-37b3-4863-a25b-d7275e10ba36}</UniqueIdentifier>
    </Filter>
  </ItemGroup>
  <ItemGroup>
    <ClInclude Include="MathHelpers.h">
      <Filter>Header Files</Filter>
    </ClInclude>
  </ItemGroup>
</Project>