<?xml version="1.0" encoding="utf-8"?>
<Project ToolsVersion="4.0" xmlns="http://schemas.microsoft.com/developer/msbuild/2003">
  <ItemGroup>
    <Filter Include="Source Files">
      <UniqueIdentifier>{862ef943-edc6-404f-b92e-ca77770eea1b}</UniqueIdentifier>
      <Extensions>cpp;c;cxx;rc;def;r;odl;idl;hpj;bat</Extensions>
    </Filter>
    <Filter Include="Header Files">
      <UniqueIdentifier>{be5b9c02-8632-440a-8297-01b8d6d7f6d7}</UniqueIdentifier>
      <Extensions>h;hpp;hxx;hm;inl</Extensions>
    </Filter>
  </ItemGroup>
  <ItemGroup>
    <ClCompile Include="GameSocket.cpp">
      <Filter>Source Files</Filter>
    </ClCompile>
    <ClCompile Include="MagicProcess.cpp">
      <Filter>Source Files</Filter>
    </ClCompile>
    <ClCompile Include="Map.cpp">
      <Filter>Source Files</Filter>
    </ClCompile>
    <ClCompile Include="Npc.cpp">
      <Filter>Source Files</Filter>
    </ClCompile>
    <ClCompile Include="NpcItem.cpp">
      <Filter>Source Files</Filter>
    </ClCompile>
    <ClCompile Include="NpcMagicProcess.cpp">
      <Filter>Source Files</Filter>
    </ClCompile>
    <ClCompile Include="NpcThread.cpp">
      <Filter>Source Files</Filter>
    </ClCompile>
    <ClCompile Include="Party.cpp">
      <Filter>Source Files</Filter>
    </ClCompile>
    <ClCompile Include="PathFind.cpp">
      <Filter>Source Files</Filter>
    </ClCompile>
    <ClCompile Include="RoomEvent.cpp">
      <Filter>Source Files</Filter>
    </ClCompile>
    <ClCompile Include="AIServerApp.cpp">
      <Filter>Source Files</Filter>
    </ClCompile>
    <ClCompile Include="pch.cpp">
      <Filter>Source Files</Filter>
    </ClCompile>
    <ClCompile Include="User.cpp">
      <Filter>Source Files</Filter>
    </ClCompile>
    <ClCompile Include="SendThreadMain.cpp">
      <Filter>Source Files</Filter>
    </ClCompile>
    <ClCompile Include="AISocketManager.cpp">
      <Filter>Source Files</Filter>
    </ClCompile>
    <ClCompile Include="ZoneEventThread.cpp">
      <Filter>Source Files</Filter>
    </ClCompile>
    <ClCompile Include="AIServerLogger.cpp">
      <Filter>Source Files</Filter>
    </ClCompile>
  </ItemGroup>
  <ItemGroup>
    <ClInclude Include="Define.h">
      <Filter>Header Files</Filter>
    </ClInclude>
    <ClInclude Include="Extern.h">
      <Filter>Header Files</Filter>
    </ClInclude>
    <ClInclude Include="GameSocket.h">
      <Filter>Header Files</Filter>
    </ClInclude>
    <ClInclude Include="MagicProcess.h">
      <Filter>Header Files</Filter>
    </ClInclude>
    <ClInclude Include="Map.h">
      <Filter>Header Files</Filter>
    </ClInclude>
    <ClInclude Include="Npc.h">
      <Filter>Header Files</Filter>
    </ClInclude>
    <ClInclude Include="NpcItem.h">
      <Filter>Header Files</Filter>
    </ClInclude>
    <ClInclude Include="NpcMagicProcess.h">
      <Filter>Header Files</Filter>
    </ClInclude>
    <ClInclude Include="NpcThread.h">
      <Filter>Header Files</Filter>
    </ClInclude>
    <ClInclude Include="Packet.h">
      <Filter>Header Files</Filter>
    </ClInclude>
    <ClInclude Include="Party.h">
      <Filter>Header Files</Filter>
    </ClInclude>
    <ClInclude Include="PathFind.h">
      <Filter>Header Files</Filter>
    </ClInclude>
    <ClInclude Include="Region.h">
      <Filter>Header Files</Filter>
    </ClInclude>
    <ClInclude Include="RoomEvent.h">
      <Filter>Header Files</Filter>
    </ClInclude>
    <ClInclude Include="AIServerApp.h">
      <Filter>Header Files</Filter>
    </ClInclude>
    <ClInclude Include="pch.h">
      <Filter>Header Files</Filter>
    </ClInclude>
    <ClInclude Include="User.h">
      <Filter>Header Files</Filter>
    </ClInclude>
    <ClInclude Include="SendThreadMain.h">
      <Filter>Header Files</Filter>
    </ClInclude>
    <ClInclude Include="AISocketManager.h">
      <Filter>Header Files</Filter>
    </ClInclude>
    <ClInclude Include="ZoneEventThread.h">
      <Filter>Header Files</Filter>
    </ClInclude>
    <ClInclude Include="AIServerLogger.h">
      <Filter>Header Files</Filter>
    </ClInclude>
    <ClInclude Include="resource.h">
      <Filter>Header Files</Filter>
    </ClInclude>
  </ItemGroup>
</Project>